
Microsoft Visual Studio Solution File, Format Version 12.00
# Visual Studio 14
VisualStudioVersion = 14.0.25420.1
MinimumVisualStudioVersion = 10.0.40219.1
Project("{FAE04EC0-301F-11D3-BF4B-00C04F79EFBC}") = "BusinessLayer", "BusinessLayer\BusinessLayer.csproj", "{F178D4ED-BFB0-4777-8373-1B148DF7A762}"
EndProject
Project("{FAE04EC0-301F-11D3-BF4B-00C04F79EFBC}") = "ConsumerServiceClient", "ConsumerServiceClient\ConsumerServiceClient.csproj", "{35ACF6EF-F54F-4E45-B846-9281AB570A0B}"
EndProject
Project("{FAE04EC0-301F-11D3-BF4B-00C04F79EFBC}") = "ConsumerSvc", "ConsumerSvc\ConsumerSvc.csproj", "{BD6C20BD-EF48-4EB1-BBF9-0D3743CCB28E}"
EndProject
Project("{FAE04EC0-301F-11D3-BF4B-00C04F79EFBC}") = "DataContracts", "DataContracts\DataContracts.csproj", "{A479D1CC-FEC1-457C-8790-BB00E93082C4}"
EndProject
Project("{FAE04EC0-301F-11D3-BF4B-00C04F79EFBC}") = "DataLayer", "DataLayer\DataLayer.csproj", "{0301DDA4-0900-4EED-A386-BE26E3F067AD}"
EndProject
Project("{FAE04EC0-301F-11D3-BF4B-00C04F79EFBC}") = "OperationContracts", "OperationContracts\OperationContracts.csproj", "{96642C6B-18D1-4929-AA78-BFA3BB9BF56F}"
EndProject
Project("{2150E333-8FDC-42A3-9474-1A3956D46DE8}") = "AWS SCRIPTS", "AWS SCRIPTS", "{85606EDA-FB36-4AC6-AB3B-0379DB4C9E9C}"
	ProjectSection(SolutionItems) = preProject
		START_IIS.bat = START_IIS.bat
		STOP_IIS.bat = STOP_IIS.bat
	EndProjectSection
EndProject
Global
	GlobalSection(SolutionConfigurationPlatforms) = preSolution
		Debug|Any CPU = Debug|Any CPU
		Release|Any CPU = Release|Any CPU
	EndGlobalSection
	GlobalSection(ProjectConfigurationPlatforms) = postSolution
		{F178D4ED-BFB0-4777-8373-1B148DF7A762}.Debug|Any CPU.ActiveCfg = Debug|Any CPU
		{F178D4ED-BFB0-4777-8373-1B148DF7A762}.Debug|Any CPU.Build.0 = Debug|Any CPU
		{F178D4ED-BFB0-4777-8373-1B148DF7A762}.Release|Any CPU.ActiveCfg = Release|Any CPU
		{F178D4ED-BFB0-4777-8373-1B148DF7A762}.Release|Any CPU.Build.0 = Release|Any CPU
		{35ACF6EF-F54F-4E45-B846-9281AB570A0B}.Debug|Any CPU.ActiveCfg = Debug|Any CPU
		{35ACF6EF-F54F-4E45-B846-9281AB570A0B}.Debug|Any CPU.Build.0 = Debug|Any CPU
		{35ACF6EF-F54F-4E45-B846-9281AB570A0B}.Release|Any CPU.ActiveCfg = Release|Any CPU
		{35ACF6EF-F54F-4E45-B846-9281AB570A0B}.Release|Any CPU.Build.0 = Release|Any CPU
		{BD6C20BD-EF48-4EB1-BBF9-0D3743CCB28E}.Debug|Any CPU.ActiveCfg = Debug|Any CPU
		{BD6C20BD-EF48-4EB1-BBF9-0D3743CCB28E}.Debug|Any CPU.Build.0 = Debug|Any CPU
		{BD6C20BD-EF48-4EB1-BBF9-0D3743CCB28E}.Release|Any CPU.ActiveCfg = Release|Any CPU
		{BD6C20BD-EF48-4EB1-BBF9-0D3743CCB28E}.Release|Any CPU.Build.0 = Release|Any CPU
		{A479D1CC-FEC1-457C-8790-BB00E93082C4}.Debug|Any CPU.ActiveCfg = Debug|Any CPU
		{A479D1CC-FEC1-457C-8790-BB00E93082C4}.Debug|Any CPU.Build.0 = Debug|Any CPU
		{A479D1CC-FEC1-457C-8790-BB00E93082C4}.Release|Any CPU.ActiveCfg = Release|Any CPU
		{A479D1CC-FEC1-457C-8790-BB00E93082C4}.Release|Any CPU.Build.0 = Release|Any CPU
		{0301DDA4-0900-4EED-A386-BE26E3F067AD}.Debug|Any CPU.ActiveCfg = Debug|Any CPU
		{0301DDA4-0900-4EED-A386-BE26E3F067AD}.Debug|Any CPU.Build.0 = Debug|Any CPU
		{0301DDA4-0900-4EED-A386-BE26E3F067AD}.Release|Any CPU.ActiveCfg = Release|Any CPU
		{0301DDA4-0900-4EED-A386-BE26E3F067AD}.Release|Any CPU.Build.0 = Release|Any CPU
		{96642C6B-18D1-4929-AA78-BFA3BB9BF56F}.Debug|Any CPU.ActiveCfg = Debug|Any CPU
		{96642C6B-18D1-4929-AA78-BFA3BB9BF56F}.Debug|Any CPU.Build.0 = Debug|Any CPU
		{96642C6B-18D1-4929-AA78-BFA3BB9BF56F}.Release|Any CPU.ActiveCfg = Release|Any CPU
		{96642C6B-18D1-4929-AA78-BFA3BB9BF56F}.Release|Any CPU.Build.0 = Release|Any CPU
	EndGlobalSection
	GlobalSection(SolutionProperties) = preSolution
		HideSolutionNode = FALSE
	EndGlobalSection
EndGlobal
